
Microsoft Visual Studio Solution File, Format Version 12.00
# Visual Studio Version 17
VisualStudioVersion = 17.0.32014.148
MinimumVisualStudioVersion = 10.0.40219.1
Project("{FAE04EC0-301F-11D3-BF4B-00C04F79EFBC}") = "labelmove", "테스트\labelmove.csproj", "{B44AD3B1-AB33-42AC-8AE9-338016A2BFBC}"
EndProject
Project("{FAE04EC0-301F-11D3-BF4B-00C04F79EFBC}") = "transparency", "transparency\transparency.csproj", "{E458016A-3199-41DF-84CC-BFDAC27DB74D}"
EndProject
Global
	GlobalSection(SolutionConfigurationPlatforms) = preSolution
		Debug|Any CPU = Debug|Any CPU
		Release|Any CPU = Release|Any CPU
	EndGlobalSection
	GlobalSection(ProjectConfigurationPlatforms) = postSolution
		{B44AD3B1-AB33-42AC-8AE9-338016A2BFBC}.Debug|Any CPU.ActiveCfg = Debug|Any CPU
		{B44AD3B1-AB33-42AC-8AE9-338016A2BFBC}.Debug|Any CPU.Build.0 = Debug|Any CPU
		{B44AD3B1-AB33-42AC-8AE9-338016A2BFBC}.Release|Any CPU.ActiveCfg = Release|Any CPU
		{B44AD3B1-AB33-42AC-8AE9-338016A2BFBC}.Release|Any CPU.Build.0 = Release|Any CPU
		{E458016A-3199-41DF-84CC-BFDAC27DB74D}.Debug|Any CPU.ActiveCfg = Debug|Any CPU
		{E458016A-3199-41DF-84CC-BFDAC27DB74D}.Debug|Any CPU.Build.0 = Debug|Any CPU
		{E458016A-3199-41DF-84CC-BFDAC27DB74D}.Release|Any CPU.ActiveCfg = Release|Any CPU
		{E458016A-3199-41DF-84CC-BFDAC27DB74D}.Release|Any CPU.Build.0 = Release|Any CPU
	EndGlobalSection
	GlobalSection(SolutionProperties) = preSolution
		HideSolutionNode = FALSE
	EndGlobalSection
	GlobalSection(ExtensibilityGlobals) = postSolution
		SolutionGuid = {E34E001D-15B0-487D-BEAC-2BA1B39665E1}
	EndGlobalSection
EndGlobal
