
Microsoft Visual Studio Solution File, Format Version 12.00
# Visual Studio Version 17
VisualStudioVersion = 17.4.33103.184
MinimumVisualStudioVersion = 10.0.40219.1
Project("{FAE04EC0-301F-11D3-BF4B-00C04F79EFBC}") = "Font0", "Font0.csproj", "{2F98441A-418B-440C-B39C-CD88B1F1A5C9}"
EndProject
Global
	GlobalSection(SolutionConfigurationPlatforms) = preSolution
		Debug|Any CPU = Debug|Any CPU
		Release|Any CPU = Release|Any CPU
	EndGlobalSection
	GlobalSection(ProjectConfigurationPlatforms) = postSolution
		{2F98441A-418B-440C-B39C-CD88B1F1A5C9}.Debug|Any CPU.ActiveCfg = Debug|Any CPU
		{2F98441A-418B-440C-B39C-CD88B1F1A5C9}.Debug|Any CPU.Build.0 = Debug|Any CPU
		{2F98441A-418B-440C-B39C-CD88B1F1A5C9}.Release|Any CPU.ActiveCfg = Release|Any CPU
		{2F98441A-418B-440C-B39C-CD88B1F1A5C9}.Release|Any CPU.Build.0 = Release|Any CPU
	EndGlobalSection
	GlobalSection(SolutionProperties) = preSolution
		HideSolutionNode = FALSE
	EndGlobalSection
	GlobalSection(ExtensibilityGlobals) = postSolution
		SolutionGuid = {F43422DC-0F78-4927-8869-FDBA5F7917F1}
	EndGlobalSection
EndGlobal
