
Microsoft Visual Studio Solution File, Format Version 12.00
# Visual Studio Version 17
VisualStudioVersion = 17.4.33103.184
MinimumVisualStudioVersion = 10.0.40219.1
Project("{FAE04EC0-301F-11D3-BF4B-00C04F79EFBC}") = "MTAG", "MTAG.csproj", "{273D342B-7635-433B-9B24-B57A6991B333}"
EndProject
Global
	GlobalSection(SolutionConfigurationPlatforms) = preSolution
		Debug|Any CPU = Debug|Any CPU
		Release|Any CPU = Release|Any CPU
	EndGlobalSection
	GlobalSection(ProjectConfigurationPlatforms) = postSolution
		{273D342B-7635-433B-9B24-B57A6991B333}.Debug|Any CPU.ActiveCfg = Debug|Any CPU
		{273D342B-7635-433B-9B24-B57A6991B333}.Debug|Any CPU.Build.0 = Debug|Any CPU
		{273D342B-7635-433B-9B24-B57A6991B333}.Release|Any CPU.ActiveCfg = Release|Any CPU
		{273D342B-7635-433B-9B24-B57A6991B333}.Release|Any CPU.Build.0 = Release|Any CPU
	EndGlobalSection
	GlobalSection(SolutionProperties) = preSolution
		HideSolutionNode = FALSE
	EndGlobalSection
	GlobalSection(ExtensibilityGlobals) = postSolution
		SolutionGuid = {1D9937F0-44F6-4BEA-97E8-A14331B3A93F}
	EndGlobalSection
EndGlobal
